
Microsoft Visual Studio Solution File, Format Version 12.00
# Visual Studio Version 17
VisualStudioVersion = 17.9.34701.34
MinimumVisualStudioVersion = 10.0.40219.1
Project("{9A19103F-16F7-4668-BE54-9A1E7A4F7556}") = "EndPointFinder", "EndPointFinder\EndPointFinder.csproj", "{933AF6B5-2D02-45F9-826A-C07008B8BE08}"
EndProject
Project("{2150E333-8FDC-42A3-9474-1A3956D46DE8}") = "Solution Items", "Solution Items", "{9A42D984-ED48-407B-B97D-D737169FA57B}"
	ProjectSection(SolutionItems) = preProject
		.editorconfig = .editorconfig
	EndProjectSection
EndProject
Project("{9A19103F-16F7-4668-BE54-9A1E7A4F7556}") = "ScaNet.Api", "ScaNet\ScaNet.Api.csproj", "{600D4A58-4E35-4D7C-880F-A646A7995556}"
EndProject
Project("{FAE04EC0-301F-11D3-BF4B-00C04F79EFBC}") = "ScanNet.MVC", "ScanNet\ScanNet.MVC.csproj", "{07F9877A-3454-4ADF-9A0A-9FF6BC0A3252}"
EndProject
Global
	GlobalSection(SolutionConfigurationPlatforms) = preSolution
		Debug|Any CPU = Debug|Any CPU
		Release|Any CPU = Release|Any CPU
	EndGlobalSection
	GlobalSection(ProjectConfigurationPlatforms) = postSolution
		{933AF6B5-2D02-45F9-826A-C07008B8BE08}.Debug|Any CPU.ActiveCfg = Debug|Any CPU
		{933AF6B5-2D02-45F9-826A-C07008B8BE08}.Debug|Any CPU.Build.0 = Debug|Any CPU
		{933AF6B5-2D02-45F9-826A-C07008B8BE08}.Release|Any CPU.ActiveCfg = Release|Any CPU
		{933AF6B5-2D02-45F9-826A-C07008B8BE08}.Release|Any CPU.Build.0 = Release|Any CPU
		{600D4A58-4E35-4D7C-880F-A646A7995556}.Debug|Any CPU.ActiveCfg = Debug|Any CPU
		{600D4A58-4E35-4D7C-880F-A646A7995556}.Debug|Any CPU.Build.0 = Debug|Any CPU
		{600D4A58-4E35-4D7C-880F-A646A7995556}.Release|Any CPU.ActiveCfg = Release|Any CPU
		{600D4A58-4E35-4D7C-880F-A646A7995556}.Release|Any CPU.Build.0 = Release|Any CPU
		{07F9877A-3454-4ADF-9A0A-9FF6BC0A3252}.Debug|Any CPU.ActiveCfg = Debug|Any CPU
		{07F9877A-3454-4ADF-9A0A-9FF6BC0A3252}.Debug|Any CPU.Build.0 = Debug|Any CPU
		{07F9877A-3454-4ADF-9A0A-9FF6BC0A3252}.Release|Any CPU.ActiveCfg = Release|Any CPU
		{07F9877A-3454-4ADF-9A0A-9FF6BC0A3252}.Release|Any CPU.Build.0 = Release|Any CPU
	EndGlobalSection
	GlobalSection(SolutionProperties) = preSolution
		HideSolutionNode = FALSE
	EndGlobalSection
	GlobalSection(ExtensibilityGlobals) = postSolution
		SolutionGuid = {42D00752-EBC6-4E3A-8692-613D992F17FB}
	EndGlobalSection
EndGlobal
